
Microsoft Visual Studio Solution File, Format Version 12.00
# Visual Studio Version 17
VisualStudioVersion = 17.7.34202.233
MinimumVisualStudioVersion = 10.0.40219.1
Project("{FAE04EC0-301F-11D3-BF4B-00C04F79EFBC}") = "PEA.Training.2023.PdfDigitalSignature", "PEA.Training.2023.PdfDigitalSignature\PEA.Training.2023.PdfDigitalSignature.csproj", "{AE618D5F-CD0A-42EB-A978-AD00433B7059}"
EndProject
Global
	GlobalSection(SolutionConfigurationPlatforms) = preSolution
		Debug|Any CPU = Debug|Any CPU
		Release|Any CPU = Release|Any CPU
	EndGlobalSection
	GlobalSection(ProjectConfigurationPlatforms) = postSolution
		{AE618D5F-CD0A-42EB-A978-AD00433B7059}.Debug|Any CPU.ActiveCfg = Debug|Any CPU
		{AE618D5F-CD0A-42EB-A978-AD00433B7059}.Debug|Any CPU.Build.0 = Debug|Any CPU
		{AE618D5F-CD0A-42EB-A978-AD00433B7059}.Release|Any CPU.ActiveCfg = Release|Any CPU
		{AE618D5F-CD0A-42EB-A978-AD00433B7059}.Release|Any CPU.Build.0 = Release|Any CPU
	EndGlobalSection
	GlobalSection(SolutionProperties) = preSolution
		HideSolutionNode = FALSE
	EndGlobalSection
	GlobalSection(ExtensibilityGlobals) = postSolution
		SolutionGuid = {D02B15BD-AD9E-42A4-AE6B-CBA251F754B2}
	EndGlobalSection
EndGlobal
